
Microsoft Visual Studio Solution File, Format Version 12.00
# Visual Studio 2013
VisualStudioVersion = 12.0.31101.0
MinimumVisualStudioVersion = 10.0.40219.1
Project("{FAE04EC0-301F-11D3-BF4B-00C04F79EFBC}") = "UFTSample2", "UFTSample2\UFTSample2.csproj", "{6BB2E489-6506-4498-BFE9-BA94BD2D88BE}"
EndProject
Project("{2150E333-8FDC-42A3-9474-1A3956D46DE8}") = ".nuget", ".nuget", "{11BC6A8C-894C-4547-9852-F6E45A6E5961}"
	ProjectSection(SolutionItems) = preProject
		.nuget\packages.config = .nuget\packages.config
	EndProjectSection
EndProject
Global
	GlobalSection(SolutionConfigurationPlatforms) = preSolution
		Debug|Any CPU = Debug|Any CPU
		Release|Any CPU = Release|Any CPU
	EndGlobalSection
	GlobalSection(ProjectConfigurationPlatforms) = postSolution
		{6BB2E489-6506-4498-BFE9-BA94BD2D88BE}.Debug|Any CPU.ActiveCfg = Debug|Any CPU
		{6BB2E489-6506-4498-BFE9-BA94BD2D88BE}.Debug|Any CPU.Build.0 = Debug|Any CPU
		{6BB2E489-6506-4498-BFE9-BA94BD2D88BE}.Release|Any CPU.ActiveCfg = Release|Any CPU
		{6BB2E489-6506-4498-BFE9-BA94BD2D88BE}.Release|Any CPU.Build.0 = Release|Any CPU
	EndGlobalSection
	GlobalSection(SolutionProperties) = preSolution
		HideSolutionNode = FALSE
	EndGlobalSection
EndGlobal
